
Microsoft Visual Studio Solution File, Format Version 12.00
# Visual Studio Version 16
VisualStudioVersion = 16.0.30204.135
MinimumVisualStudioVersion = 10.0.40219.1
Project("{FAE04EC0-301F-11D3-BF4B-00C04F79EFBC}") = "Bikes.API", "Bikes.API\Bikes.API.csproj", "{A59892C2-09E3-4A14-AA68-1E2BDB279FE3}"
EndProject
Project("{FAE04EC0-301F-11D3-BF4B-00C04F79EFBC}") = "Bikes.DAL", "Bikes.DAL\Bikes.DAL.csproj", "{ECC938C6-4320-498B-949F-79A3BBFA0F1D}"
EndProject
Project("{FAE04EC0-301F-11D3-BF4B-00C04F79EFBC}") = "Bikes.BLL", "Bikes.BLL\Bikes.BLL.csproj", "{A9CBBEEE-36FD-461E-8F4A-56AD60894C67}"
EndProject
Global
	GlobalSection(SolutionConfigurationPlatforms) = preSolution
		Debug|Any CPU = Debug|Any CPU
		Release|Any CPU = Release|Any CPU
	EndGlobalSection
	GlobalSection(ProjectConfigurationPlatforms) = postSolution
		{A59892C2-09E3-4A14-AA68-1E2BDB279FE3}.Debug|Any CPU.ActiveCfg = Debug|Any CPU
		{A59892C2-09E3-4A14-AA68-1E2BDB279FE3}.Debug|Any CPU.Build.0 = Debug|Any CPU
		{A59892C2-09E3-4A14-AA68-1E2BDB279FE3}.Release|Any CPU.ActiveCfg = Release|Any CPU
		{A59892C2-09E3-4A14-AA68-1E2BDB279FE3}.Release|Any CPU.Build.0 = Release|Any CPU
		{ECC938C6-4320-498B-949F-79A3BBFA0F1D}.Debug|Any CPU.ActiveCfg = Debug|Any CPU
		{ECC938C6-4320-498B-949F-79A3BBFA0F1D}.Debug|Any CPU.Build.0 = Debug|Any CPU
		{ECC938C6-4320-498B-949F-79A3BBFA0F1D}.Release|Any CPU.ActiveCfg = Release|Any CPU
		{ECC938C6-4320-498B-949F-79A3BBFA0F1D}.Release|Any CPU.Build.0 = Release|Any CPU
		{A9CBBEEE-36FD-461E-8F4A-56AD60894C67}.Debug|Any CPU.ActiveCfg = Debug|Any CPU
		{A9CBBEEE-36FD-461E-8F4A-56AD60894C67}.Debug|Any CPU.Build.0 = Debug|Any CPU
		{A9CBBEEE-36FD-461E-8F4A-56AD60894C67}.Release|Any CPU.ActiveCfg = Release|Any CPU
		{A9CBBEEE-36FD-461E-8F4A-56AD60894C67}.Release|Any CPU.Build.0 = Release|Any CPU
	EndGlobalSection
	GlobalSection(SolutionProperties) = preSolution
		HideSolutionNode = FALSE
	EndGlobalSection
	GlobalSection(ExtensibilityGlobals) = postSolution
		SolutionGuid = {BFD80A5F-F9F3-4BA5-A6E1-836AF27E0202}
	EndGlobalSection
EndGlobal
